
Microsoft Visual Studio Solution File, Format Version 12.00
# Visual Studio Version 17
VisualStudioVersion = 17.4.33122.133
MinimumVisualStudioVersion = 10.0.40219.1
Project("{FAE04EC0-301F-11D3-BF4B-00C04F79EFBC}") = "01. Reverse Strings", "01. Reverse Strings\01. Reverse Strings.csproj", "{7514932A-3BE2-4805-A7C2-03178C20A3F9}"
EndProject
Project("{FAE04EC0-301F-11D3-BF4B-00C04F79EFBC}") = "02. Repeat Strings", "02. Repeat Strings\02. Repeat Strings.csproj", "{B9D7F148-BB79-426E-88B4-D27D67744916}"
EndProject
Project("{FAE04EC0-301F-11D3-BF4B-00C04F79EFBC}") = "03. Substring", "03. Substring\03. Substring.csproj", "{D9CCC4E2-D88C-4E4A-98BB-7BE95DF3EAF8}"
EndProject
Project("{FAE04EC0-301F-11D3-BF4B-00C04F79EFBC}") = "04. Text Filter", "04. Text Filter\04. Text Filter.csproj", "{AF6165C3-198E-4009-96E4-7210CC2C9130}"
EndProject
Project("{FAE04EC0-301F-11D3-BF4B-00C04F79EFBC}") = "05. Digits, Letters and Other", "05. Digits, Letters and Other\05. Digits, Letters and Other.csproj", "{D2664D27-5AE5-4E99-BEBE-DE3578757306}"
EndProject
Global
	GlobalSection(SolutionConfigurationPlatforms) = preSolution
		Debug|Any CPU = Debug|Any CPU
		Release|Any CPU = Release|Any CPU
	EndGlobalSection
	GlobalSection(ProjectConfigurationPlatforms) = postSolution
		{7514932A-3BE2-4805-A7C2-03178C20A3F9}.Debug|Any CPU.ActiveCfg = Debug|Any CPU
		{7514932A-3BE2-4805-A7C2-03178C20A3F9}.Debug|Any CPU.Build.0 = Debug|Any CPU
		{7514932A-3BE2-4805-A7C2-03178C20A3F9}.Release|Any CPU.ActiveCfg = Release|Any CPU
		{7514932A-3BE2-4805-A7C2-03178C20A3F9}.Release|Any CPU.Build.0 = Release|Any CPU
		{B9D7F148-BB79-426E-88B4-D27D67744916}.Debug|Any CPU.ActiveCfg = Debug|Any CPU
		{B9D7F148-BB79-426E-88B4-D27D67744916}.Debug|Any CPU.Build.0 = Debug|Any CPU
		{B9D7F148-BB79-426E-88B4-D27D67744916}.Release|Any CPU.ActiveCfg = Release|Any CPU
		{B9D7F148-BB79-426E-88B4-D27D67744916}.Release|Any CPU.Build.0 = Release|Any CPU
		{D9CCC4E2-D88C-4E4A-98BB-7BE95DF3EAF8}.Debug|Any CPU.ActiveCfg = Debug|Any CPU
		{D9CCC4E2-D88C-4E4A-98BB-7BE95DF3EAF8}.Debug|Any CPU.Build.0 = Debug|Any CPU
		{D9CCC4E2-D88C-4E4A-98BB-7BE95DF3EAF8}.Release|Any CPU.ActiveCfg = Release|Any CPU
		{D9CCC4E2-D88C-4E4A-98BB-7BE95DF3EAF8}.Release|Any CPU.Build.0 = Release|Any CPU
		{AF6165C3-198E-4009-96E4-7210CC2C9130}.Debug|Any CPU.ActiveCfg = Debug|Any CPU
		{AF6165C3-198E-4009-96E4-7210CC2C9130}.Debug|Any CPU.Build.0 = Debug|Any CPU
		{AF6165C3-198E-4009-96E4-7210CC2C9130}.Release|Any CPU.ActiveCfg = Release|Any CPU
		{AF6165C3-198E-4009-96E4-7210CC2C9130}.Release|Any CPU.Build.0 = Release|Any CPU
		{D2664D27-5AE5-4E99-BEBE-DE3578757306}.Debug|Any CPU.ActiveCfg = Debug|Any CPU
		{D2664D27-5AE5-4E99-BEBE-DE3578757306}.Debug|Any CPU.Build.0 = Debug|Any CPU
		{D2664D27-5AE5-4E99-BEBE-DE3578757306}.Release|Any CPU.ActiveCfg = Release|Any CPU
		{D2664D27-5AE5-4E99-BEBE-DE3578757306}.Release|Any CPU.Build.0 = Release|Any CPU
	EndGlobalSection
	GlobalSection(SolutionProperties) = preSolution
		HideSolutionNode = FALSE
	EndGlobalSection
	GlobalSection(ExtensibilityGlobals) = postSolution
		SolutionGuid = {58BB76BD-6F05-44D9-8FA8-9D7491B3FB58}
	EndGlobalSection
EndGlobal
