
Microsoft Visual Studio Solution File, Format Version 12.00
# Visual Studio Version 17
VisualStudioVersion = 17.3.32929.385
MinimumVisualStudioVersion = 10.0.40219.1
Project("{9A19103F-16F7-4668-BE54-9A1E7A4F7556}") = "01. Sum Adjacent Equal Numbers", "01. Sum Adjacent Equal Numbers\01. Sum Adjacent Equal Numbers.csproj", "{72054398-5E84-4095-9C47-D4EEF2C65259}"
EndProject
Project("{FAE04EC0-301F-11D3-BF4B-00C04F79EFBC}") = "02. Gauss' Trick", "02. Gauss' Trick\02. Gauss' Trick.csproj", "{1CFE5AD4-C1A7-4E8F-9F0A-561829E33B07}"
EndProject
Project("{FAE04EC0-301F-11D3-BF4B-00C04F79EFBC}") = "03. Merging Lists", "03. Merging Lists\03. Merging Lists.csproj", "{1BD30CC2-34FC-4565-A32A-C14D669FDD09}"
EndProject
Project("{FAE04EC0-301F-11D3-BF4B-00C04F79EFBC}") = "04. List of Products", "04. List of Products\04. List of Products.csproj", "{3EB51F3E-0ABE-41D8-9719-E1AF322B63C4}"
EndProject
Project("{FAE04EC0-301F-11D3-BF4B-00C04F79EFBC}") = "05. Remove Negatives and Reverse", "05. Remove Negatives and Reverse\05. Remove Negatives and Reverse.csproj", "{FB948547-2247-44E2-866C-A86AE4E7C79A}"
EndProject
Project("{FAE04EC0-301F-11D3-BF4B-00C04F79EFBC}") = "06. List Manipulation Basics", "06. List Manipulation Basics\06. List Manipulation Basics.csproj", "{F67EDE3C-ACF2-4F79-8F64-9341DBF9F925}"
EndProject
Project("{FAE04EC0-301F-11D3-BF4B-00C04F79EFBC}") = "07. List Manipulation Advanced", "07. List Manipulation Advanced\07. List Manipulation Advanced.csproj", "{7EA7E62D-7643-4051-A4F7-575D31F9EC3B}"
EndProject
Global
	GlobalSection(SolutionConfigurationPlatforms) = preSolution
		Debug|Any CPU = Debug|Any CPU
		Release|Any CPU = Release|Any CPU
	EndGlobalSection
	GlobalSection(ProjectConfigurationPlatforms) = postSolution
		{72054398-5E84-4095-9C47-D4EEF2C65259}.Debug|Any CPU.ActiveCfg = Debug|Any CPU
		{72054398-5E84-4095-9C47-D4EEF2C65259}.Debug|Any CPU.Build.0 = Debug|Any CPU
		{72054398-5E84-4095-9C47-D4EEF2C65259}.Release|Any CPU.ActiveCfg = Release|Any CPU
		{72054398-5E84-4095-9C47-D4EEF2C65259}.Release|Any CPU.Build.0 = Release|Any CPU
		{1CFE5AD4-C1A7-4E8F-9F0A-561829E33B07}.Debug|Any CPU.ActiveCfg = Debug|Any CPU
		{1CFE5AD4-C1A7-4E8F-9F0A-561829E33B07}.Debug|Any CPU.Build.0 = Debug|Any CPU
		{1CFE5AD4-C1A7-4E8F-9F0A-561829E33B07}.Release|Any CPU.ActiveCfg = Release|Any CPU
		{1CFE5AD4-C1A7-4E8F-9F0A-561829E33B07}.Release|Any CPU.Build.0 = Release|Any CPU
		{1BD30CC2-34FC-4565-A32A-C14D669FDD09}.Debug|Any CPU.ActiveCfg = Debug|Any CPU
		{1BD30CC2-34FC-4565-A32A-C14D669FDD09}.Debug|Any CPU.Build.0 = Debug|Any CPU
		{1BD30CC2-34FC-4565-A32A-C14D669FDD09}.Release|Any CPU.ActiveCfg = Release|Any CPU
		{1BD30CC2-34FC-4565-A32A-C14D669FDD09}.Release|Any CPU.Build.0 = Release|Any CPU
		{3EB51F3E-0ABE-41D8-9719-E1AF322B63C4}.Debug|Any CPU.ActiveCfg = Debug|Any CPU
		{3EB51F3E-0ABE-41D8-9719-E1AF322B63C4}.Debug|Any CPU.Build.0 = Debug|Any CPU
		{3EB51F3E-0ABE-41D8-9719-E1AF322B63C4}.Release|Any CPU.ActiveCfg = Release|Any CPU
		{3EB51F3E-0ABE-41D8-9719-E1AF322B63C4}.Release|Any CPU.Build.0 = Release|Any CPU
		{FB948547-2247-44E2-866C-A86AE4E7C79A}.Debug|Any CPU.ActiveCfg = Debug|Any CPU
		{FB948547-2247-44E2-866C-A86AE4E7C79A}.Debug|Any CPU.Build.0 = Debug|Any CPU
		{FB948547-2247-44E2-866C-A86AE4E7C79A}.Release|Any CPU.ActiveCfg = Release|Any CPU
		{FB948547-2247-44E2-866C-A86AE4E7C79A}.Release|Any CPU.Build.0 = Release|Any CPU
		{F67EDE3C-ACF2-4F79-8F64-9341DBF9F925}.Debug|Any CPU.ActiveCfg = Debug|Any CPU
		{F67EDE3C-ACF2-4F79-8F64-9341DBF9F925}.Debug|Any CPU.Build.0 = Debug|Any CPU
		{F67EDE3C-ACF2-4F79-8F64-9341DBF9F925}.Release|Any CPU.ActiveCfg = Release|Any CPU
		{F67EDE3C-ACF2-4F79-8F64-9341DBF9F925}.Release|Any CPU.Build.0 = Release|Any CPU
		{7EA7E62D-7643-4051-A4F7-575D31F9EC3B}.Debug|Any CPU.ActiveCfg = Debug|Any CPU
		{7EA7E62D-7643-4051-A4F7-575D31F9EC3B}.Debug|Any CPU.Build.0 = Debug|Any CPU
		{7EA7E62D-7643-4051-A4F7-575D31F9EC3B}.Release|Any CPU.ActiveCfg = Release|Any CPU
		{7EA7E62D-7643-4051-A4F7-575D31F9EC3B}.Release|Any CPU.Build.0 = Release|Any CPU
	EndGlobalSection
	GlobalSection(SolutionProperties) = preSolution
		HideSolutionNode = FALSE
	EndGlobalSection
	GlobalSection(ExtensibilityGlobals) = postSolution
		SolutionGuid = {12777409-984C-4598-BEF0-215AB314BBAA}
	EndGlobalSection
EndGlobal
