
Microsoft Visual Studio Solution File, Format Version 12.00
# Visual Studio Version 17
VisualStudioVersion = 17.3.32929.385
MinimumVisualStudioVersion = 10.0.40219.1
Project("{FAE04EC0-301F-11D3-BF4B-00C04F79EFBC}") = "01. Train", "01. Train\01. Train.csproj", "{8FB7D7EA-D4C5-4F1A-A362-2EAFB758876C}"
EndProject
Project("{FAE04EC0-301F-11D3-BF4B-00C04F79EFBC}") = "02. Common Elements", "02. Common Elements\02. Common Elements.csproj", "{58E3FD4F-6A57-4DD2-9550-9E533D88990E}"
EndProject
Project("{FAE04EC0-301F-11D3-BF4B-00C04F79EFBC}") = "03. Zig-Zag Arrays", "03. Zig-Zag Arrays\03. Zig-Zag Arrays.csproj", "{79235980-FBD1-4455-A343-CA82414BF15B}"
EndProject
Project("{FAE04EC0-301F-11D3-BF4B-00C04F79EFBC}") = "04. Array Rotation", "04. Array Rotation\04. Array Rotation.csproj", "{9FD33401-8ED3-4F34-A91A-1C7832C60455}"
EndProject
Project("{FAE04EC0-301F-11D3-BF4B-00C04F79EFBC}") = "05. Top Integers", "05. Top Integers\05. Top Integers.csproj", "{1FE477AE-AEEE-4DD4-A5A2-B747182DB95C}"
EndProject
Project("{FAE04EC0-301F-11D3-BF4B-00C04F79EFBC}") = "06. Equal Sum", "06. Equal Sum\06. Equal Sum.csproj", "{C8CF2BC8-C662-423D-9AB3-A89105FE773A}"
EndProject
Project("{FAE04EC0-301F-11D3-BF4B-00C04F79EFBC}") = "07. Max Sequence of Equal Elements", "07. Max Sequence of Equal Elements\07. Max Sequence of Equal Elements.csproj", "{D6D10F8C-B9A5-4F6A-AE1A-87ACDE670155}"
EndProject
Project("{FAE04EC0-301F-11D3-BF4B-00C04F79EFBC}") = "08. Magic Sum", "08. Magic Sum\08. Magic Sum.csproj", "{15A967D9-6755-4571-A44E-118D82BC15DE}"
EndProject
Project("{FAE04EC0-301F-11D3-BF4B-00C04F79EFBC}") = "09. Kamino Factory", "09. Kamino Factory\09. Kamino Factory.csproj", "{307B7068-DB11-4149-875B-CD8DD6A15E50}"
EndProject
Project("{FAE04EC0-301F-11D3-BF4B-00C04F79EFBC}") = "10. LadyBugs", "10. LadyBugs\10. LadyBugs.csproj", "{ADCB2989-2D0C-4A0F-9E12-2F26C6036D21}"
EndProject
Global
	GlobalSection(SolutionConfigurationPlatforms) = preSolution
		Debug|Any CPU = Debug|Any CPU
		Release|Any CPU = Release|Any CPU
	EndGlobalSection
	GlobalSection(ProjectConfigurationPlatforms) = postSolution
		{8FB7D7EA-D4C5-4F1A-A362-2EAFB758876C}.Debug|Any CPU.ActiveCfg = Debug|Any CPU
		{8FB7D7EA-D4C5-4F1A-A362-2EAFB758876C}.Debug|Any CPU.Build.0 = Debug|Any CPU
		{8FB7D7EA-D4C5-4F1A-A362-2EAFB758876C}.Release|Any CPU.ActiveCfg = Release|Any CPU
		{8FB7D7EA-D4C5-4F1A-A362-2EAFB758876C}.Release|Any CPU.Build.0 = Release|Any CPU
		{58E3FD4F-6A57-4DD2-9550-9E533D88990E}.Debug|Any CPU.ActiveCfg = Debug|Any CPU
		{58E3FD4F-6A57-4DD2-9550-9E533D88990E}.Debug|Any CPU.Build.0 = Debug|Any CPU
		{58E3FD4F-6A57-4DD2-9550-9E533D88990E}.Release|Any CPU.ActiveCfg = Release|Any CPU
		{58E3FD4F-6A57-4DD2-9550-9E533D88990E}.Release|Any CPU.Build.0 = Release|Any CPU
		{79235980-FBD1-4455-A343-CA82414BF15B}.Debug|Any CPU.ActiveCfg = Debug|Any CPU
		{79235980-FBD1-4455-A343-CA82414BF15B}.Debug|Any CPU.Build.0 = Debug|Any CPU
		{79235980-FBD1-4455-A343-CA82414BF15B}.Release|Any CPU.ActiveCfg = Release|Any CPU
		{79235980-FBD1-4455-A343-CA82414BF15B}.Release|Any CPU.Build.0 = Release|Any CPU
		{9FD33401-8ED3-4F34-A91A-1C7832C60455}.Debug|Any CPU.ActiveCfg = Debug|Any CPU
		{9FD33401-8ED3-4F34-A91A-1C7832C60455}.Debug|Any CPU.Build.0 = Debug|Any CPU
		{9FD33401-8ED3-4F34-A91A-1C7832C60455}.Release|Any CPU.ActiveCfg = Release|Any CPU
		{9FD33401-8ED3-4F34-A91A-1C7832C60455}.Release|Any CPU.Build.0 = Release|Any CPU
		{1FE477AE-AEEE-4DD4-A5A2-B747182DB95C}.Debug|Any CPU.ActiveCfg = Debug|Any CPU
		{1FE477AE-AEEE-4DD4-A5A2-B747182DB95C}.Debug|Any CPU.Build.0 = Debug|Any CPU
		{1FE477AE-AEEE-4DD4-A5A2-B747182DB95C}.Release|Any CPU.ActiveCfg = Release|Any CPU
		{1FE477AE-AEEE-4DD4-A5A2-B747182DB95C}.Release|Any CPU.Build.0 = Release|Any CPU
		{C8CF2BC8-C662-423D-9AB3-A89105FE773A}.Debug|Any CPU.ActiveCfg = Debug|Any CPU
		{C8CF2BC8-C662-423D-9AB3-A89105FE773A}.Debug|Any CPU.Build.0 = Debug|Any CPU
		{C8CF2BC8-C662-423D-9AB3-A89105FE773A}.Release|Any CPU.ActiveCfg = Release|Any CPU
		{C8CF2BC8-C662-423D-9AB3-A89105FE773A}.Release|Any CPU.Build.0 = Release|Any CPU
		{D6D10F8C-B9A5-4F6A-AE1A-87ACDE670155}.Debug|Any CPU.ActiveCfg = Debug|Any CPU
		{D6D10F8C-B9A5-4F6A-AE1A-87ACDE670155}.Debug|Any CPU.Build.0 = Debug|Any CPU
		{D6D10F8C-B9A5-4F6A-AE1A-87ACDE670155}.Release|Any CPU.ActiveCfg = Release|Any CPU
		{D6D10F8C-B9A5-4F6A-AE1A-87ACDE670155}.Release|Any CPU.Build.0 = Release|Any CPU
		{15A967D9-6755-4571-A44E-118D82BC15DE}.Debug|Any CPU.ActiveCfg = Debug|Any CPU
		{15A967D9-6755-4571-A44E-118D82BC15DE}.Debug|Any CPU.Build.0 = Debug|Any CPU
		{15A967D9-6755-4571-A44E-118D82BC15DE}.Release|Any CPU.ActiveCfg = Release|Any CPU
		{15A967D9-6755-4571-A44E-118D82BC15DE}.Release|Any CPU.Build.0 = Release|Any CPU
		{307B7068-DB11-4149-875B-CD8DD6A15E50}.Debug|Any CPU.ActiveCfg = Debug|Any CPU
		{307B7068-DB11-4149-875B-CD8DD6A15E50}.Debug|Any CPU.Build.0 = Debug|Any CPU
		{307B7068-DB11-4149-875B-CD8DD6A15E50}.Release|Any CPU.ActiveCfg = Release|Any CPU
		{307B7068-DB11-4149-875B-CD8DD6A15E50}.Release|Any CPU.Build.0 = Release|Any CPU
		{ADCB2989-2D0C-4A0F-9E12-2F26C6036D21}.Debug|Any CPU.ActiveCfg = Debug|Any CPU
		{ADCB2989-2D0C-4A0F-9E12-2F26C6036D21}.Debug|Any CPU.Build.0 = Debug|Any CPU
		{ADCB2989-2D0C-4A0F-9E12-2F26C6036D21}.Release|Any CPU.ActiveCfg = Release|Any CPU
		{ADCB2989-2D0C-4A0F-9E12-2F26C6036D21}.Release|Any CPU.Build.0 = Release|Any CPU
	EndGlobalSection
	GlobalSection(SolutionProperties) = preSolution
		HideSolutionNode = FALSE
	EndGlobalSection
	GlobalSection(ExtensibilityGlobals) = postSolution
		SolutionGuid = {3BE84597-442F-4A18-93C9-382EC265ED7D}
	EndGlobalSection
EndGlobal
