
Microsoft Visual Studio Solution File, Format Version 12.00
# Visual Studio Version 17
VisualStudioVersion = 17.3.32922.545
MinimumVisualStudioVersion = 10.0.40219.1
Project("{9A19103F-16F7-4668-BE54-9A1E7A4F7556}") = "01.Student information", "Basic syntax, Conditional Statements and loops\01.Student information.csproj", "{18674C9F-4E1A-4662-AA50-F724E8A40A70}"
EndProject
Project("{9A19103F-16F7-4668-BE54-9A1E7A4F7556}") = "02.Passed", "02.Passed\02.Passed.csproj", "{387FE1D9-961A-4156-ACCC-2623600E1936}"
EndProject
Project("{9A19103F-16F7-4668-BE54-9A1E7A4F7556}") = "03.Passed or Failed", "03.Passed or Failed\03.Passed or Failed.csproj", "{629D13DC-2EBB-4F7A-A3C6-7EF704BF1188}"
EndProject
Project("{9A19103F-16F7-4668-BE54-9A1E7A4F7556}") = "04.Back in 30 minutes", "04.Back in 30 minutes\04.Back in 30 minutes.csproj", "{F12E00FE-5198-4EB6-A518-2FE005833CC1}"
EndProject
Project("{9A19103F-16F7-4668-BE54-9A1E7A4F7556}") = "05.Month Printer", "05.Month Printer\05.Month Printer.csproj", "{1F276E64-F438-410C-899F-B633F2AA1ADB}"
EndProject
Project("{9A19103F-16F7-4668-BE54-9A1E7A4F7556}") = "06. Foreign Languages", "06. Foreign Languages\06. Foreign Languages.csproj", "{C5ECA432-A80D-4DC7-9653-710EC62D0425}"
EndProject
Project("{9A19103F-16F7-4668-BE54-9A1E7A4F7556}") = "07. Theatre Promotion", "07. Theatre Promotion\07. Theatre Promotion.csproj", "{ECC8A1A7-55C4-41E4-A036-0655C2354563}"
EndProject
Project("{9A19103F-16F7-4668-BE54-9A1E7A4F7556}") = "08. Divisible by 3", "08. Divisible by 3\08. Divisible by 3.csproj", "{78D90130-8ABE-48C9-BCBE-B7707CBC9FA9}"
EndProject
Project("{9A19103F-16F7-4668-BE54-9A1E7A4F7556}") = "09. Sum of Odd Numbers", "9.Sum of Odd Numbers\09. Sum of Odd Numbers.csproj", "{51962F18-89AA-49BE-8C34-3B4F1DCF6B6C}"
EndProject
Project("{9A19103F-16F7-4668-BE54-9A1E7A4F7556}") = "10. Multiplication Table", "10. Multiplication Table\10. Multiplication Table.csproj", "{AF758113-42B3-43E5-AAFB-4DF30FFD2B44}"
EndProject
Project("{9A19103F-16F7-4668-BE54-9A1E7A4F7556}") = "11.Multiplication Table 2.0", "11.Multiplication Table 2.0\11.Multiplication Table 2.0.csproj", "{F41D8D92-DF1F-4D60-832B-D45EA7FDBC84}"
EndProject
Project("{9A19103F-16F7-4668-BE54-9A1E7A4F7556}") = "12.Even Number", "12.Even Number\12.Even Number.csproj", "{578499BA-D507-4371-87F8-6A59710B222F}"
EndProject
Project("{9A19103F-16F7-4668-BE54-9A1E7A4F7556}") = "13. Holidays Between Two Dates", "13. Holidays Between Two Dates\13. Holidays Between Two Dates.csproj", "{2BDEB53B-629A-4D9B-BC1C-220416225745}"
EndProject
Global
	GlobalSection(SolutionConfigurationPlatforms) = preSolution
		Debug|Any CPU = Debug|Any CPU
		Release|Any CPU = Release|Any CPU
	EndGlobalSection
	GlobalSection(ProjectConfigurationPlatforms) = postSolution
		{18674C9F-4E1A-4662-AA50-F724E8A40A70}.Debug|Any CPU.ActiveCfg = Debug|Any CPU
		{18674C9F-4E1A-4662-AA50-F724E8A40A70}.Debug|Any CPU.Build.0 = Debug|Any CPU
		{18674C9F-4E1A-4662-AA50-F724E8A40A70}.Release|Any CPU.ActiveCfg = Release|Any CPU
		{18674C9F-4E1A-4662-AA50-F724E8A40A70}.Release|Any CPU.Build.0 = Release|Any CPU
		{387FE1D9-961A-4156-ACCC-2623600E1936}.Debug|Any CPU.ActiveCfg = Debug|Any CPU
		{387FE1D9-961A-4156-ACCC-2623600E1936}.Debug|Any CPU.Build.0 = Debug|Any CPU
		{387FE1D9-961A-4156-ACCC-2623600E1936}.Release|Any CPU.ActiveCfg = Release|Any CPU
		{387FE1D9-961A-4156-ACCC-2623600E1936}.Release|Any CPU.Build.0 = Release|Any CPU
		{629D13DC-2EBB-4F7A-A3C6-7EF704BF1188}.Debug|Any CPU.ActiveCfg = Debug|Any CPU
		{629D13DC-2EBB-4F7A-A3C6-7EF704BF1188}.Debug|Any CPU.Build.0 = Debug|Any CPU
		{629D13DC-2EBB-4F7A-A3C6-7EF704BF1188}.Release|Any CPU.ActiveCfg = Release|Any CPU
		{629D13DC-2EBB-4F7A-A3C6-7EF704BF1188}.Release|Any CPU.Build.0 = Release|Any CPU
		{F12E00FE-5198-4EB6-A518-2FE005833CC1}.Debug|Any CPU.ActiveCfg = Debug|Any CPU
		{F12E00FE-5198-4EB6-A518-2FE005833CC1}.Debug|Any CPU.Build.0 = Debug|Any CPU
		{F12E00FE-5198-4EB6-A518-2FE005833CC1}.Release|Any CPU.ActiveCfg = Release|Any CPU
		{F12E00FE-5198-4EB6-A518-2FE005833CC1}.Release|Any CPU.Build.0 = Release|Any CPU
		{1F276E64-F438-410C-899F-B633F2AA1ADB}.Debug|Any CPU.ActiveCfg = Debug|Any CPU
		{1F276E64-F438-410C-899F-B633F2AA1ADB}.Debug|Any CPU.Build.0 = Debug|Any CPU
		{1F276E64-F438-410C-899F-B633F2AA1ADB}.Release|Any CPU.ActiveCfg = Release|Any CPU
		{1F276E64-F438-410C-899F-B633F2AA1ADB}.Release|Any CPU.Build.0 = Release|Any CPU
		{C5ECA432-A80D-4DC7-9653-710EC62D0425}.Debug|Any CPU.ActiveCfg = Debug|Any CPU
		{C5ECA432-A80D-4DC7-9653-710EC62D0425}.Debug|Any CPU.Build.0 = Debug|Any CPU
		{C5ECA432-A80D-4DC7-9653-710EC62D0425}.Release|Any CPU.ActiveCfg = Release|Any CPU
		{C5ECA432-A80D-4DC7-9653-710EC62D0425}.Release|Any CPU.Build.0 = Release|Any CPU
		{ECC8A1A7-55C4-41E4-A036-0655C2354563}.Debug|Any CPU.ActiveCfg = Debug|Any CPU
		{ECC8A1A7-55C4-41E4-A036-0655C2354563}.Debug|Any CPU.Build.0 = Debug|Any CPU
		{ECC8A1A7-55C4-41E4-A036-0655C2354563}.Release|Any CPU.ActiveCfg = Release|Any CPU
		{ECC8A1A7-55C4-41E4-A036-0655C2354563}.Release|Any CPU.Build.0 = Release|Any CPU
		{78D90130-8ABE-48C9-BCBE-B7707CBC9FA9}.Debug|Any CPU.ActiveCfg = Debug|Any CPU
		{78D90130-8ABE-48C9-BCBE-B7707CBC9FA9}.Debug|Any CPU.Build.0 = Debug|Any CPU
		{78D90130-8ABE-48C9-BCBE-B7707CBC9FA9}.Release|Any CPU.ActiveCfg = Release|Any CPU
		{78D90130-8ABE-48C9-BCBE-B7707CBC9FA9}.Release|Any CPU.Build.0 = Release|Any CPU
		{51962F18-89AA-49BE-8C34-3B4F1DCF6B6C}.Debug|Any CPU.ActiveCfg = Debug|Any CPU
		{51962F18-89AA-49BE-8C34-3B4F1DCF6B6C}.Debug|Any CPU.Build.0 = Debug|Any CPU
		{51962F18-89AA-49BE-8C34-3B4F1DCF6B6C}.Release|Any CPU.ActiveCfg = Release|Any CPU
		{51962F18-89AA-49BE-8C34-3B4F1DCF6B6C}.Release|Any CPU.Build.0 = Release|Any CPU
		{AF758113-42B3-43E5-AAFB-4DF30FFD2B44}.Debug|Any CPU.ActiveCfg = Debug|Any CPU
		{AF758113-42B3-43E5-AAFB-4DF30FFD2B44}.Debug|Any CPU.Build.0 = Debug|Any CPU
		{AF758113-42B3-43E5-AAFB-4DF30FFD2B44}.Release|Any CPU.ActiveCfg = Release|Any CPU
		{AF758113-42B3-43E5-AAFB-4DF30FFD2B44}.Release|Any CPU.Build.0 = Release|Any CPU
		{F41D8D92-DF1F-4D60-832B-D45EA7FDBC84}.Debug|Any CPU.ActiveCfg = Debug|Any CPU
		{F41D8D92-DF1F-4D60-832B-D45EA7FDBC84}.Debug|Any CPU.Build.0 = Debug|Any CPU
		{F41D8D92-DF1F-4D60-832B-D45EA7FDBC84}.Release|Any CPU.ActiveCfg = Release|Any CPU
		{F41D8D92-DF1F-4D60-832B-D45EA7FDBC84}.Release|Any CPU.Build.0 = Release|Any CPU
		{578499BA-D507-4371-87F8-6A59710B222F}.Debug|Any CPU.ActiveCfg = Debug|Any CPU
		{578499BA-D507-4371-87F8-6A59710B222F}.Debug|Any CPU.Build.0 = Debug|Any CPU
		{578499BA-D507-4371-87F8-6A59710B222F}.Release|Any CPU.ActiveCfg = Release|Any CPU
		{578499BA-D507-4371-87F8-6A59710B222F}.Release|Any CPU.Build.0 = Release|Any CPU
		{2BDEB53B-629A-4D9B-BC1C-220416225745}.Debug|Any CPU.ActiveCfg = Debug|Any CPU
		{2BDEB53B-629A-4D9B-BC1C-220416225745}.Debug|Any CPU.Build.0 = Debug|Any CPU
		{2BDEB53B-629A-4D9B-BC1C-220416225745}.Release|Any CPU.ActiveCfg = Release|Any CPU
		{2BDEB53B-629A-4D9B-BC1C-220416225745}.Release|Any CPU.Build.0 = Release|Any CPU
	EndGlobalSection
	GlobalSection(SolutionProperties) = preSolution
		HideSolutionNode = FALSE
	EndGlobalSection
	GlobalSection(ExtensibilityGlobals) = postSolution
		SolutionGuid = {184169CB-5F0D-4C79-A07E-DD3C2DE25630}
	EndGlobalSection
EndGlobal
